# This file is automatically @generated by Poetry 1.8.3 and should not be changed by hand.

[[package]]
name = "asgiref"
version = "3.8.1"
description = "ASGI specs, helper code, and adapters"
optional = false
python-versions = ">=3.8"
files = [
    {file = "asgiref-3.8.1-py3-none-any.whl", hash = "sha256:3e1e3ecc849832fe52ccf2cb6686b7a55f82bb1d6aee72a58826471390335e47"},
    {file = "asgiref-3.8.1.tar.gz", hash = "sha256:c343bd80a0bec947a9860adb4c432ffa7db769836c64238fc34bdc3fec84d590"},
]

[package.extras]
tests = ["mypy (>=0.800)", "pytest", "pytest-asyncio"]

[[package]]
name = "django"
version = "5.1.1"
description = "A high-level Python web framework that encourages rapid development and clean, pragmatic design."
optional = false
python-versions = ">=3.10"
files = [
    {file = "Django-5.1.1-py3-none-any.whl", hash = "sha256:71603f27dac22a6533fb38d83072eea9ddb4017fead6f67f2562a40402d61c3f"},
    {file = "Django-5.1.1.tar.gz", hash = "sha256:021ffb7fdab3d2d388bc8c7c2434eb9c1f6f4d09e6119010bbb1694dda286bc2"},
]

[package.dependencies]
asgiref = ">=3.8.1,<4"
sqlparse = ">=0.3.1"
tzdata = {version = "*", markers = "sys_platform == \"win32\""}

[package.extras]
argon2 = ["argon2-cffi (>=19.1.0)"]
bcrypt = ["bcrypt"]

[[package]]
name = "django-stubs"
version = "5.1.0"
description = "Mypy stubs for Django"
optional = false
python-versions = ">=3.8"
files = [
    {file = "django_stubs-5.1.0-py3-none-any.whl", hash = "sha256:b98d49a80aa4adf1433a97407102d068de26c739c405431d93faad96dd282c40"},
    {file = "django_stubs-5.1.0.tar.gz", hash = "sha256:86128c228b65e6c9a85e5dc56eb1c6f41125917dae0e21e6cfecdf1b27e630c5"},
]

[package.dependencies]
asgiref = "*"
django = "*"
django-stubs-ext = ">=5.1.0"
types-PyYAML = "*"
typing-extensions = ">=4.11.0"

[package.extras]
compatible-mypy = ["mypy (>=1.11.0,<1.12.0)"]
oracle = ["oracledb"]
redis = ["redis"]

[[package]]
name = "django-stubs-ext"
version = "5.1.0"
description = "Monkey-patching and extensions for django-stubs"
optional = false
python-versions = ">=3.8"
files = [
    {file = "django_stubs_ext-5.1.0-py3-none-any.whl", hash = "sha256:a455fc222c90b30b29ad8c53319559f5b54a99b4197205ddbb385aede03b395d"},
    {file = "django_stubs_ext-5.1.0.tar.gz", hash = "sha256:ed7d51c0b731651879fc75f331fb0806d98b67bfab464e96e2724db6b46ef926"},
]

[package.dependencies]
django = "*"
typing-extensions = "*"

[[package]]
name = "djangorestframework"
version = "3.15.2"
description = "Web APIs for Django, made easy."
optional = false
python-versions = ">=3.8"
files = [
    {file = "djangorestframework-3.15.2-py3-none-any.whl", hash = "sha256:2b8871b062ba1aefc2de01f773875441a961fefbf79f5eed1e32b2f096944b20"},
    {file = "djangorestframework-3.15.2.tar.gz", hash = "sha256:36fe88cd2d6c6bec23dca9804bab2ba5517a8bb9d8f47ebc68981b56840107ad"},
]

[package.dependencies]
django = ">=4.2"

[[package]]
name = "drf-yasg"
version = "1.21.7"
description = "Automated generation of real Swagger/OpenAPI 2.0 schemas from Django Rest Framework code."
optional = false
python-versions = ">=3.6"
files = [
    {file = "drf-yasg-1.21.7.tar.gz", hash = "sha256:4c3b93068b3dfca6969ab111155e4dd6f7b2d680b98778de8fd460b7837bdb0d"},
    {file = "drf_yasg-1.21.7-py3-none-any.whl", hash = "sha256:f85642072c35e684356475781b7ecf5d218fff2c6185c040664dd49f0a4be181"},
]

[package.dependencies]
django = ">=2.2.16"
djangorestframework = ">=3.10.3"
inflection = ">=0.3.1"
packaging = ">=21.0"
pytz = ">=2021.1"
pyyaml = ">=5.1"
uritemplate = ">=3.0.0"

[package.extras]
coreapi = ["coreapi (>=2.3.3)", "coreschema (>=0.0.4)"]
validation = ["swagger-spec-validator (>=2.1.0)"]

[[package]]
name = "inflection"
version = "0.5.1"
description = "A port of Ruby on Rails inflector to Python"
optional = false
python-versions = ">=3.5"
files = [
    {file = "inflection-0.5.1-py2.py3-none-any.whl", hash = "sha256:f38b2b640938a4f35ade69ac3d053042959b62a0f1076a5bbaa1b9526605a8a2"},
    {file = "inflection-0.5.1.tar.gz", hash = "sha256:1a29730d366e996aaacffb2f1f1cb9593dc38e2ddd30c91250c6dde09ea9b417"},
]

[[package]]
name = "packaging"
version = "24.1"
description = "Core utilities for Python packages"
optional = false
python-versions = ">=3.8"
files = [
    {file = "packaging-24.1-py3-none-any.whl", hash = "sha256:5b8f2217dbdbd2f7f384c41c628544e6d52f2d0f53c6d0c3ea61aa5d1d7ff124"},
    {file = "packaging-24.1.tar.gz", hash = "sha256:026ed72c8ed3fcce5bf8950572258698927fd1dbda10a5e981cdf0ac37f4f002"},
]

[[package]]
name = "psycopg"
version = "3.2.2"
description = "PostgreSQL database adapter for Python"
optional = false
python-versions = ">=3.8"
files = [
    {file = "psycopg-3.2.2-py3-none-any.whl", hash = "sha256:babf565d459d8f72fb65da5e211dd0b58a52c51e4e1fa9cadecff42d6b7619b2"},
    {file = "psycopg-3.2.2.tar.gz", hash = "sha256:8bad2e497ce22d556dac1464738cb948f8d6bab450d965cf1d8a8effd52412e0"},
]

[package.dependencies]
psycopg-binary = {version = "3.2.2", optional = true, markers = "implementation_name != \"pypy\" and extra == \"binary\""}
psycopg-pool = {version = "*", optional = true, markers = "extra == \"pool\""}
typing-extensions = {version = ">=4.6", markers = "python_version < \"3.13\""}
tzdata = {version = "*", markers = "sys_platform == \"win32\""}

[package.extras]
binary = ["psycopg-binary (==3.2.2)"]
c = ["psycopg-c (==3.2.2)"]
dev = ["ast-comments (>=1.1.2)", "black (>=24.1.0)", "codespell (>=2.2)", "dnspython (>=2.1)", "flake8 (>=4.0)", "mypy (>=1.11)", "types-setuptools (>=57.4)", "wheel (>=0.37)"]
docs = ["Sphinx (>=5.0)", "furo (==2022.6.21)", "sphinx-autobuild (>=2021.3.14)", "sphinx-autodoc-typehints (>=1.12)"]
pool = ["psycopg-pool"]
test = ["anyio (>=4.0)", "mypy (>=1.11)", "pproxy (>=2.7)", "pytest (>=6.2.5)", "pytest-cov (>=3.0)", "pytest-randomly (>=3.5)"]

[[package]]
name = "psycopg-binary"
version = "3.2.2"
description = "PostgreSQL database adapter for Python -- C optimisation distribution"
optional = false
python-versions = ">=3.8"
files = [
    {file = "psycopg_binary-3.2.2-cp310-cp310-macosx_12_0_x86_64.whl", hash = "sha256:8eacbf58d4f8d7bc82e0a60476afa2622b5a58f639a3cc2710e3e37b72aff3cb"},
    {file = "psycopg_binary-3.2.2-cp310-cp310-macosx_14_0_arm64.whl", hash = "sha256:d07e62476ee8c54853b2b8cfdf3858a574218103b4cd213211f64326c7812437"},
    {file = "psycopg_binary-3.2.2-cp310-cp310-manylinux_2_17_aarch64.manylinux2014_aarch64.whl", hash = "sha256:c22e615ee0ecfc6687bb8a39a4ed9d6bac030b5e72ac15e7324fd6e48979af71"},
    {file = "psycopg_binary-3.2.2-cp310-cp310-manylinux_2_17_i686.manylinux2014_i686.whl", hash = "sha256:ec29c7ec136263628e3f09a53e51d0a4b1ad765a6e45135707bfa848b39113f9"},
    {file = "psycopg_binary-3.2.2-cp310-cp310-manylinux_2_17_ppc64le.manylinux2014_ppc64le.whl", hash = "sha256:035753f80cbbf6aceca6386f53e139df70c7aca057b0592711047b5a8cfef8bb"},
    {file = "psycopg_binary-3.2.2-cp310-cp310-manylinux_2_17_x86_64.manylinux2014_x86_64.whl", hash = "sha256:c9ee99336151ff7c30682f2ef9cb1174d235bc1471322faabba97f9db1398167"},
    {file = "psycopg_binary-3.2.2-cp310-cp310-musllinux_1_2_aarch64.whl", hash = "sha256:a60674dff4a4194e88312b463fb84ac80924c2b9e25d0e0460f3176bf1af4a6b"},
    {file = "psycopg_binary-3.2.2-cp310-cp310-musllinux_1_2_i686.whl", hash = "sha256:3c701507a49340de422d77a6ce95918a0019990bbf27daec35aa40050c6eadb6"},
    {file = "psycopg_binary-3.2.2-cp310-cp310-musllinux_1_2_ppc64le.whl", hash = "sha256:1b3c5a04eaf8866e399315cff2e810260cce10b797437a9f49fd71b5f4b94d0a"},
    {file = "psycopg_binary-3.2.2-cp310-cp310-musllinux_1_2_x86_64.whl", hash = "sha256:0ad9c09de4c262f516ae6891d042a4325649b18efa39dd82bbe0f7bc95c37bfb"},
    {file = "psycopg_binary-3.2.2-cp310-cp310-win_amd64.whl", hash = "sha256:bf1d3582185cb43ecc27403bee2f5405b7a45ccaab46c8508d9a9327341574fc"},
    {file = "psycopg_binary-3.2.2-cp311-cp311-macosx_12_0_x86_64.whl", hash = "sha256:554d208757129d34fa47b7c890f9ef922f754e99c6b089cb3a209aa0fe282682"},
    {file = "psycopg_binary-3.2.2-cp311-cp311-macosx_14_0_arm64.whl", hash = "sha256:71dc3cc10d1fd7d26a3079d0a5b4a8e8ad0d7b89a702ceb7605a52e4395be122"},
    {file = "psycopg_binary-3.2.2-cp311-cp311-manylinux_2_17_aarch64.manylinux2014_aarch64.whl", hash = "sha256:a86f578d63f2e1fdf87c9adaed4ff23d7919bda8791cf1380fa4cf3a857ccb8b"},
    {file = "psycopg_binary-3.2.2-cp311-cp311-manylinux_2_17_i686.manylinux2014_i686.whl", hash = "sha256:1a4eb737682c02a602a12aa85a492608066f77793dab681b1c4e885fedc160b1"},
    {file = "psycopg_binary-3.2.2-cp311-cp311-manylinux_2_17_ppc64le.manylinux2014_ppc64le.whl", hash = "sha256:9e120a576e74e4e612c48f4b021e322e320ca102534d78a0ca4db2ffd058ae8d"},
    {file = "psycopg_binary-3.2.2-cp311-cp311-manylinux_2_17_x86_64.manylinux2014_x86_64.whl", hash = "sha256:849d518e7d4c6186e1e48ea2ac2671912edf7e732fffe6f01dfed61cf0245de4"},
    {file = "psycopg_binary-3.2.2-cp311-cp311-musllinux_1_2_aarch64.whl", hash = "sha256:8ee2b19152bcec8f356f989c31768702be5f139b4d51094273c4a9ddc8c55380"},
    {file = "psycopg_binary-3.2.2-cp311-cp311-musllinux_1_2_i686.whl", hash = "sha256:00273dd011892e8216fcef76b42f775ddaa6348664a7fffae2a27c9557f45bfa"},
    {file = "psycopg_binary-3.2.2-cp311-cp311-musllinux_1_2_ppc64le.whl", hash = "sha256:4bcb489615d7e56d1de42937e6a0fc13f766505729afdb54c2947a52db295220"},
    {file = "psycopg_binary-3.2.2-cp311-cp311-musllinux_1_2_x86_64.whl", hash = "sha256:06963f88916a177df95aaed27101af0989ba206654743b1a0e050b9d8e734686"},
    {file = "psycopg_binary-3.2.2-cp311-cp311-win_amd64.whl", hash = "sha256:ed1ad836a0c21890c7f84e73c7ef1ed0950e0e4b0d8e49b609b6fd9c13f2ca21"},
    {file = "psycopg_binary-3.2.2-cp312-cp312-macosx_12_0_x86_64.whl", hash = "sha256:0dd314229885a81f9497875295d8788e651b78945627540f1e78ed71595e614a"},
    {file = "psycopg_binary-3.2.2-cp312-cp312-macosx_14_0_arm64.whl", hash = "sha256:989acbe2f552769cdb780346cea32d86e7c117044238d5172ac10b025fe47194"},
    {file = "psycopg_binary-3.2.2-cp312-cp312-manylinux_2_17_aarch64.manylinux2014_aarch64.whl", hash = "sha256:566b1c530898590f0ac9d949cf94351c08d73c89f8800c74c0a63ffd89a383c8"},
    {file = "psycopg_binary-3.2.2-cp312-cp312-manylinux_2_17_i686.manylinux2014_i686.whl", hash = "sha256:68d03efab7e2830a0df3aa4c29a708930e3f6b9fd98774ff9c4fd1f33deafecc"},
    {file = "psycopg_binary-3.2.2-cp312-cp312-manylinux_2_17_ppc64le.manylinux2014_ppc64le.whl", hash = "sha256:1e1f013bfb744023df23750fde51edcb606def8328473361db3c192c392c6060"},
    {file = "psycopg_binary-3.2.2-cp312-cp312-manylinux_2_17_x86_64.manylinux2014_x86_64.whl", hash = "sha256:a06136aab55a2de7dd4e2555badae276846827cfb023e6ba1b22f7a7b88e3f1b"},
    {file = "psycopg_binary-3.2.2-cp312-cp312-musllinux_1_2_aarch64.whl", hash = "sha256:020c5154be144a1440cf87eae012b9004fb414ae4b9e7b1b9fb808fe39e96e83"},
    {file = "psycopg_binary-3.2.2-cp312-cp312-musllinux_1_2_i686.whl", hash = "sha256:ef341c556aeaa43a2729b07b04e20bfffdcf3d96c4a96e728ca94fe4ce632d8c"},
    {file = "psycopg_binary-3.2.2-cp312-cp312-musllinux_1_2_ppc64le.whl", hash = "sha256:66de2dd7d37bf66eb234ca9d907f5cd8caca43ff8d8a50dd5c15844d1cf0390c"},
    {file = "psycopg_binary-3.2.2-cp312-cp312-musllinux_1_2_x86_64.whl", hash = "sha256:2eb6f8f410dbbb71b8c633f283b8588b63bee0a7321f00ab76e9c800c593f732"},
    {file = "psycopg_binary-3.2.2-cp312-cp312-win_amd64.whl", hash = "sha256:b45553c6b614d02e1486585980afdfd18f0000aac668e2e87c6e32da1adb051a"},
    {file = "psycopg_binary-3.2.2-cp313-cp313-macosx_12_0_x86_64.whl", hash = "sha256:1ee891287c2da57e7fee31fbe2fbcdf57125768133d811b02e9523d5a052eb28"},
    {file = "psycopg_binary-3.2.2-cp313-cp313-macosx_14_0_arm64.whl", hash = "sha256:5e95e4a8076ac7611e571623e1113fa84fd48c0459601969ffbf534d7aa236e7"},
    {file = "psycopg_binary-3.2.2-cp313-cp313-manylinux_2_17_aarch64.manylinux2014_aarch64.whl", hash = "sha256:6269d79a3d7d76b6fcf0fafae8444da00e83777a6c68c43851351a571ad37155"},
    {file = "psycopg_binary-3.2.2-cp313-cp313-manylinux_2_17_i686.manylinux2014_i686.whl", hash = "sha256:d6dd5d21a298c3c53af20ced8da4ae4cd038c6fe88c80842a8888fa3660b2094"},
    {file = "psycopg_binary-3.2.2-cp313-cp313-manylinux_2_17_ppc64le.manylinux2014_ppc64le.whl", hash = "sha256:4cf64e41e238620f05aad862f06bc8424f8f320d8075f1499bd85a225d18bd57"},
    {file = "psycopg_binary-3.2.2-cp313-cp313-manylinux_2_17_x86_64.manylinux2014_x86_64.whl", hash = "sha256:3c482c3236ded54add31136a91d5223b233ec301f297fa2db79747404222dca6"},
    {file = "psycopg_binary-3.2.2-cp313-cp313-musllinux_1_2_aarch64.whl", hash = "sha256:0718be095cefdad712542169d16fa58b3bd9200a3de1b0217ae761cdec1cf569"},
    {file = "psycopg_binary-3.2.2-cp313-cp313-musllinux_1_2_i686.whl", hash = "sha256:fb303b03c243a9041e1873b596e246f7caaf01710b312fafa65b1db5cd77dd6f"},
    {file = "psycopg_binary-3.2.2-cp313-cp313-musllinux_1_2_ppc64le.whl", hash = "sha256:705da5bc4364bd7529473225fca02b795653bc5bd824dbe43e1df0b1a40fe691"},
    {file = "psycopg_binary-3.2.2-cp313-cp313-musllinux_1_2_x86_64.whl", hash = "sha256:05406b96139912574571b1c56bb023839a9146cf4b57c4548f36251dd5909fa1"},
    {file = "psycopg_binary-3.2.2-cp313-cp313-win_amd64.whl", hash = "sha256:7c357cf87e8d7612cfe781225be7669f35038a765d1b53ec9605f6c5aef9ee85"},
    {file = "psycopg_binary-3.2.2-cp38-cp38-macosx_12_0_x86_64.whl", hash = "sha256:059aa5e8fa119de328b4cb02ee80775443763b25682a02dd7d026b8d4f565834"},
    {file = "psycopg_binary-3.2.2-cp38-cp38-manylinux_2_17_aarch64.manylinux2014_aarch64.whl", hash = "sha256:05a50f94e1e4fa37a0074b09263b83b0aa038c3c72068a61f1ad61ea449ef9d5"},
    {file = "psycopg_binary-3.2.2-cp38-cp38-manylinux_2_17_i686.manylinux2014_i686.whl", hash = "sha256:951507b3d77a64c907afe893e01e09b41051fd7e27e9462f450fb8bb64bc22b0"},
    {file = "psycopg_binary-3.2.2-cp38-cp38-manylinux_2_17_ppc64le.manylinux2014_ppc64le.whl", hash = "sha256:2ec4986c4ac2503e865acd3943d179531c3bbfa5a1c8ee81fcfccb551dad645f"},
    {file = "psycopg_binary-3.2.2-cp38-cp38-manylinux_2_17_x86_64.manylinux2014_x86_64.whl", hash = "sha256:0b32b0e838841d5b109d32fc706b8bc64e50c161fee3f1371ccf696e5598bc49"},
    {file = "psycopg_binary-3.2.2-cp38-cp38-musllinux_1_2_aarch64.whl", hash = "sha256:fdc74a83348477b28bea9e7b391c9fc189b480fe3cd0e46bb989514410b64d60"},
    {file = "psycopg_binary-3.2.2-cp38-cp38-musllinux_1_2_i686.whl", hash = "sha256:9efe0ca78be4a573b4b81226904c711cfadc4783d64bfdf58a3394da7c1a1354"},
    {file = "psycopg_binary-3.2.2-cp38-cp38-musllinux_1_2_ppc64le.whl", hash = "sha256:51f56ae2898acaa33623adad96ddc5acbb5e2f72f2fc020065c8be05c0e01dce"},
    {file = "psycopg_binary-3.2.2-cp38-cp38-musllinux_1_2_x86_64.whl", hash = "sha256:43b209be0424e8abece428a884cb711f504e3526dfbcb0bf51529907a55eda15"},
    {file = "psycopg_binary-3.2.2-cp38-cp38-win_amd64.whl", hash = "sha256:d3c147eea9f3950a34133dc187e8d3534e54ff4a178a4ebd8993b2c97e123200"},
    {file = "psycopg_binary-3.2.2-cp39-cp39-macosx_12_0_x86_64.whl", hash = "sha256:6c7b6a8d4e1b77cdb50192b61235b33fc2f1d28c67627fc93a1d43e9130dd479"},
    {file = "psycopg_binary-3.2.2-cp39-cp39-manylinux_2_17_aarch64.manylinux2014_aarch64.whl", hash = "sha256:e234edc4bb746d8ac3daae8753ee38eaa7af2ee333a1d35ce6b02a02874aed18"},
    {file = "psycopg_binary-3.2.2-cp39-cp39-manylinux_2_17_i686.manylinux2014_i686.whl", hash = "sha256:4f12640ba92c538b3b64a199a918d3bb0cc0d7f7123c6ba93cb065e1a2d049f0"},
    {file = "psycopg_binary-3.2.2-cp39-cp39-manylinux_2_17_ppc64le.manylinux2014_ppc64le.whl", hash = "sha256:8937dc548621b336b0d8383a3470fb7192b42a108c760a152282909867bf5b26"},
    {file = "psycopg_binary-3.2.2-cp39-cp39-manylinux_2_17_x86_64.manylinux2014_x86_64.whl", hash = "sha256:4afbb97d64cd8078edec859b07859a18ef3de7261a3a873ba52f32548373ae92"},
    {file = "psycopg_binary-3.2.2-cp39-cp39-musllinux_1_2_aarch64.whl", hash = "sha256:c432710bdf8ccfdd75b0bc9cdf1fd21ff394363e4daec099c667f3c5f1721e2b"},
    {file = "psycopg_binary-3.2.2-cp39-cp39-musllinux_1_2_i686.whl", hash = "sha256:366cc4e194f7feb4e3038d6775fd4b69835e7d923972aee5baec986de972abd6"},
    {file = "psycopg_binary-3.2.2-cp39-cp39-musllinux_1_2_ppc64le.whl", hash = "sha256:b286ed65a891928bd457ffa0cd5fec09b9b5208bfd096d087e45369f07c5cb85"},
    {file = "psycopg_binary-3.2.2-cp39-cp39-musllinux_1_2_x86_64.whl", hash = "sha256:9fee41c99312002e5d1f7462b1954aefed44c6efe5f021c3eac311640c16f6b7"},
    {file = "psycopg_binary-3.2.2-cp39-cp39-win_amd64.whl", hash = "sha256:87cceaf07760a04023596f9ca1d4e929d38ae8d778161cb3e8d27a0f990dd264"},
]

[[package]]
name = "psycopg-pool"
version = "3.2.3"
description = "Connection Pool for Psycopg"
optional = false
python-versions = ">=3.8"
files = [
    {file = "psycopg_pool-3.2.3-py3-none-any.whl", hash = "sha256:53bd8e640625e01b2927b2ad96df8ed8e8f91caea4597d45e7673fc7bbb85eb1"},
    {file = "psycopg_pool-3.2.3.tar.gz", hash = "sha256:bb942f123bef4b7fbe4d55421bd3fb01829903c95c0f33fd42b7e94e5ac9b52a"},
]

[package.dependencies]
typing-extensions = ">=4.6"

[[package]]
name = "pytz"
version = "2024.2"
description = "World timezone definitions, modern and historical"
optional = false
python-versions = "*"
files = [
    {file = "pytz-2024.2-py2.py3-none-any.whl", hash = "sha256:31c7c1817eb7fae7ca4b8c7ee50c72f93aa2dd863de768e1ef4245d426aa0725"},
    {file = "pytz-2024.2.tar.gz", hash = "sha256:2aa355083c50a0f93fa581709deac0c9ad65cca8a9e9beac660adcbd493c798a"},
]

[[package]]
name = "pyyaml"
version = "6.0.2"
description = "YAML parser and emitter for Python"
optional = false
python-versions = ">=3.8"
files = [
    {file = "PyYAML-6.0.2-cp310-cp310-macosx_10_9_x86_64.whl", hash = "sha256:0a9a2848a5b7feac301353437eb7d5957887edbf81d56e903999a75a3d743086"},
    {file = "PyYAML-6.0.2-cp310-cp310-macosx_11_0_arm64.whl", hash = "sha256:29717114e51c84ddfba879543fb232a6ed60086602313ca38cce623c1d62cfbf"},
    {file = "PyYAML-6.0.2-cp310-cp310-manylinux_2_17_aarch64.manylinux2014_aarch64.whl", hash = "sha256:8824b5a04a04a047e72eea5cec3bc266db09e35de6bdfe34c9436ac5ee27d237"},
    {file = "PyYAML-6.0.2-cp310-cp310-manylinux_2_17_s390x.manylinux2014_s390x.whl", hash = "sha256:7c36280e6fb8385e520936c3cb3b8042851904eba0e58d277dca80a5cfed590b"},
    {file = "PyYAML-6.0.2-cp310-cp310-manylinux_2_17_x86_64.manylinux2014_x86_64.whl", hash = "sha256:ec031d5d2feb36d1d1a24380e4db6d43695f3748343d99434e6f5f9156aaa2ed"},
    {file = "PyYAML-6.0.2-cp310-cp310-musllinux_1_1_aarch64.whl", hash = "sha256:936d68689298c36b53b29f23c6dbb74de12b4ac12ca6cfe0e047bedceea56180"},
    {file = "PyYAML-6.0.2-cp310-cp310-musllinux_1_1_x86_64.whl", hash = "sha256:23502f431948090f597378482b4812b0caae32c22213aecf3b55325e049a6c68"},
    {file = "PyYAML-6.0.2-cp310-cp310-win32.whl", hash = "sha256:2e99c6826ffa974fe6e27cdb5ed0021786b03fc98e5ee3c5bfe1fd5015f42b99"},
    {file = "PyYAML-6.0.2-cp310-cp310-win_amd64.whl", hash = "sha256:a4d3091415f010369ae4ed1fc6b79def9416358877534caf6a0fdd2146c87a3e"},
    {file = "PyYAML-6.0.2-cp311-cp311-macosx_10_9_x86_64.whl", hash = "sha256:cc1c1159b3d456576af7a3e4d1ba7e6924cb39de8f67111c735f6fc832082774"},
    {file = "PyYAML-6.0.2-cp311-cp311-macosx_11_0_arm64.whl", hash = "sha256:1e2120ef853f59c7419231f3bf4e7021f1b936f6ebd222406c3b60212205d2ee"},
    {file = "PyYAML-6.0.2-cp311-cp311-manylinux_2_17_aarch64.manylinux2014_aarch64.whl", hash = "sha256:5d225db5a45f21e78dd9358e58a98702a0302f2659a3c6cd320564b75b86f47c"},
    {file = "PyYAML-6.0.2-cp311-cp311-manylinux_2_17_s390x.manylinux2014_s390x.whl", hash = "sha256:5ac9328ec4831237bec75defaf839f7d4564be1e6b25ac710bd1a96321cc8317"},
    {file = "PyYAML-6.0.2-cp311-cp311-manylinux_2_17_x86_64.manylinux2014_x86_64.whl", hash = "sha256:3ad2a3decf9aaba3d29c8f537ac4b243e36bef957511b4766cb0057d32b0be85"},
    {file = "PyYAML-6.0.2-cp311-cp311-musllinux_1_1_aarch64.whl", hash = "sha256:ff3824dc5261f50c9b0dfb3be22b4567a6f938ccce4587b38952d85fd9e9afe4"},
    {file = "PyYAML-6.0.2-cp311-cp311-musllinux_1_1_x86_64.whl", hash = "sha256:797b4f722ffa07cc8d62053e4cff1486fa6dc094105d13fea7b1de7d8bf71c9e"},
    {file = "PyYAML-6.0.2-cp311-cp311-win32.whl", hash = "sha256:11d8f3dd2b9c1207dcaf2ee0bbbfd5991f571186ec9cc78427ba5bd32afae4b5"},
    {file = "PyYAML-6.0.2-cp311-cp311-win_amd64.whl", hash = "sha256:e10ce637b18caea04431ce14fabcf5c64a1c61ec9c56b071a4b7ca131ca52d44"},
    {file = "PyYAML-6.0.2-cp312-cp312-macosx_10_9_x86_64.whl", hash = "sha256:c70c95198c015b85feafc136515252a261a84561b7b1d51e3384e0655ddf25ab"},
    {file = "PyYAML-6.0.2-cp312-cp312-macosx_11_0_arm64.whl", hash = "sha256:ce826d6ef20b1bc864f0a68340c8b3287705cae2f8b4b1d932177dcc76721725"},
    {file = "PyYAML-6.0.2-cp312-cp312-manylinux_2_17_aarch64.manylinux2014_aarch64.whl", hash = "sha256:1f71ea527786de97d1a0cc0eacd1defc0985dcf6b3f17bb77dcfc8c34bec4dc5"},
    {file = "PyYAML-6.0.2-cp312-cp312-manylinux_2_17_s390x.manylinux2014_s390x.whl", hash = "sha256:9b22676e8097e9e22e36d6b7bda33190d0d400f345f23d4065d48f4ca7ae0425"},
    {file = "PyYAML-6.0.2-cp312-cp312-manylinux_2_17_x86_64.manylinux2014_x86_64.whl", hash = "sha256:80bab7bfc629882493af4aa31a4cfa43a4c57c83813253626916b8c7ada83476"},
    {file = "PyYAML-6.0.2-cp312-cp312-musllinux_1_1_aarch64.whl", hash = "sha256:0833f8694549e586547b576dcfaba4a6b55b9e96098b36cdc7ebefe667dfed48"},
    {file = "PyYAML-6.0.2-cp312-cp312-musllinux_1_1_x86_64.whl", hash = "sha256:8b9c7197f7cb2738065c481a0461e50ad02f18c78cd75775628afb4d7137fb3b"},
    {file = "PyYAML-6.0.2-cp312-cp312-win32.whl", hash = "sha256:ef6107725bd54b262d6dedcc2af448a266975032bc85ef0172c5f059da6325b4"},
    {file = "PyYAML-6.0.2-cp312-cp312-win_amd64.whl", hash = "sha256:7e7401d0de89a9a855c839bc697c079a4af81cf878373abd7dc625847d25cbd8"},
    {file = "PyYAML-6.0.2-cp313-cp313-macosx_10_13_x86_64.whl", hash = "sha256:efdca5630322a10774e8e98e1af481aad470dd62c3170801852d752aa7a783ba"},
    {file = "PyYAML-6.0.2-cp313-cp313-macosx_11_0_arm64.whl", hash = "sha256:50187695423ffe49e2deacb8cd10510bc361faac997de9efef88badc3bb9e2d1"},
    {file = "PyYAML-6.0.2-cp313-cp313-manylinux_2_17_aarch64.manylinux2014_aarch64.whl", hash = "sha256:0ffe8360bab4910ef1b9e87fb812d8bc0a308b0d0eef8c8f44e0254ab3b07133"},
    {file = "PyYAML-6.0.2-cp313-cp313-manylinux_2_17_s390x.manylinux2014_s390x.whl", hash = "sha256:17e311b6c678207928d649faa7cb0d7b4c26a0ba73d41e99c4fff6b6c3276484"},
    {file = "PyYAML-6.0.2-cp313-cp313-manylinux_2_17_x86_64.manylinux2014_x86_64.whl", hash = "sha256:70b189594dbe54f75ab3a1acec5f1e3faa7e8cf2f1e08d9b561cb41b845f69d5"},
    {file = "PyYAML-6.0.2-cp313-cp313-musllinux_1_1_aarch64.whl", hash = "sha256:41e4e3953a79407c794916fa277a82531dd93aad34e29c2a514c2c0c5fe971cc"},
    {file = "PyYAML-6.0.2-cp313-cp313-musllinux_1_1_x86_64.whl", hash = "sha256:68ccc6023a3400877818152ad9a1033e3db8625d899c72eacb5a668902e4d652"},
    {file = "PyYAML-6.0.2-cp313-cp313-win32.whl", hash = "sha256:bc2fa7c6b47d6bc618dd7fb02ef6fdedb1090ec036abab80d4681424b84c1183"},
    {file = "PyYAML-6.0.2-cp313-cp313-win_amd64.whl", hash = "sha256:8388ee1976c416731879ac16da0aff3f63b286ffdd57cdeb95f3f2e085687563"},
    {file = "PyYAML-6.0.2-cp38-cp38-macosx_10_9_x86_64.whl", hash = "sha256:24471b829b3bf607e04e88d79542a9d48bb037c2267d7927a874e6c205ca7e9a"},
    {file = "PyYAML-6.0.2-cp38-cp38-manylinux_2_17_aarch64.manylinux2014_aarch64.whl", hash = "sha256:d7fded462629cfa4b685c5416b949ebad6cec74af5e2d42905d41e257e0869f5"},
    {file = "PyYAML-6.0.2-cp38-cp38-manylinux_2_17_s390x.manylinux2014_s390x.whl", hash = "sha256:d84a1718ee396f54f3a086ea0a66d8e552b2ab2017ef8b420e92edbc841c352d"},
    {file = "PyYAML-6.0.2-cp38-cp38-manylinux_2_17_x86_64.manylinux2014_x86_64.whl", hash = "sha256:9056c1ecd25795207ad294bcf39f2db3d845767be0ea6e6a34d856f006006083"},
    {file = "PyYAML-6.0.2-cp38-cp38-musllinux_1_1_x86_64.whl", hash = "sha256:82d09873e40955485746739bcb8b4586983670466c23382c19cffecbf1fd8706"},
    {file = "PyYAML-6.0.2-cp38-cp38-win32.whl", hash = "sha256:43fa96a3ca0d6b1812e01ced1044a003533c47f6ee8aca31724f78e93ccc089a"},
    {file = "PyYAML-6.0.2-cp38-cp38-win_amd64.whl", hash = "sha256:01179a4a8559ab5de078078f37e5c1a30d76bb88519906844fd7bdea1b7729ff"},
    {file = "PyYAML-6.0.2-cp39-cp39-macosx_10_9_x86_64.whl", hash = "sha256:688ba32a1cffef67fd2e9398a2efebaea461578b0923624778664cc1c914db5d"},
    {file = "PyYAML-6.0.2-cp39-cp39-macosx_11_0_arm64.whl", hash = "sha256:a8786accb172bd8afb8be14490a16625cbc387036876ab6ba70912730faf8e1f"},
    {file = "PyYAML-6.0.2-cp39-cp39-manylinux_2_17_aarch64.manylinux2014_aarch64.whl", hash = "sha256:d8e03406cac8513435335dbab54c0d385e4a49e4945d2909a581c83647ca0290"},
    {file = "PyYAML-6.0.2-cp39-cp39-manylinux_2_17_s390x.manylinux2014_s390x.whl", hash = "sha256:f753120cb8181e736c57ef7636e83f31b9c0d1722c516f7e86cf15b7aa57ff12"},
    {file = "PyYAML-6.0.2-cp39-cp39-manylinux_2_17_x86_64.manylinux2014_x86_64.whl", hash = "sha256:3b1fdb9dc17f5a7677423d508ab4f243a726dea51fa5e70992e59a7411c89d19"},
    {file = "PyYAML-6.0.2-cp39-cp39-musllinux_1_1_aarch64.whl", hash = "sha256:0b69e4ce7a131fe56b7e4d770c67429700908fc0752af059838b1cfb41960e4e"},
    {file = "PyYAML-6.0.2-cp39-cp39-musllinux_1_1_x86_64.whl", hash = "sha256:a9f8c2e67970f13b16084e04f134610fd1d374bf477b17ec1599185cf611d725"},
    {file = "PyYAML-6.0.2-cp39-cp39-win32.whl", hash = "sha256:6395c297d42274772abc367baaa79683958044e5d3835486c16da75d2a694631"},
    {file = "PyYAML-6.0.2-cp39-cp39-win_amd64.whl", hash = "sha256:39693e1f8320ae4f43943590b49779ffb98acb81f788220ea932a6b6c51004d8"},
    {file = "pyyaml-6.0.2.tar.gz", hash = "sha256:d584d9ec91ad65861cc08d42e834324ef890a082e591037abe114850ff7bbc3e"},
]

[[package]]
name = "setuptools"
version = "75.1.0"
description = "Easily download, build, install, upgrade, and uninstall Python packages"
optional = false
python-versions = ">=3.8"
files = [
    {file = "setuptools-75.1.0-py3-none-any.whl", hash = "sha256:35ab7fd3bcd95e6b7fd704e4a1539513edad446c097797f2985e0e4b960772f2"},
    {file = "setuptools-75.1.0.tar.gz", hash = "sha256:d59a21b17a275fb872a9c3dae73963160ae079f1049ed956880cd7c09b120538"},
]

[package.extras]
check = ["pytest-checkdocs (>=2.4)", "pytest-ruff (>=0.2.1)", "ruff (>=0.5.2)"]
core = ["importlib-metadata (>=6)", "importlib-resources (>=5.10.2)", "jaraco.collections", "jaraco.functools", "jaraco.text (>=3.7)", "more-itertools", "more-itertools (>=8.8)", "packaging", "packaging (>=24)", "platformdirs (>=2.6.2)", "tomli (>=2.0.1)", "wheel (>=0.43.0)"]
cover = ["pytest-cov"]
doc = ["furo", "jaraco.packaging (>=9.3)", "jaraco.tidelift (>=1.4)", "pygments-github-lexers (==0.0.5)", "pyproject-hooks (!=1.1)", "rst.linker (>=1.9)", "sphinx (>=3.5)", "sphinx-favicon", "sphinx-inline-tabs", "sphinx-lint", "sphinx-notfound-page (>=1,<2)", "sphinx-reredirects", "sphinxcontrib-towncrier", "towncrier (<24.7)"]
enabler = ["pytest-enabler (>=2.2)"]
test = ["build[virtualenv] (>=1.0.3)", "filelock (>=3.4.0)", "ini2toml[lite] (>=0.14)", "jaraco.develop (>=7.21)", "jaraco.envs (>=2.2)", "jaraco.path (>=3.2.0)", "jaraco.test", "packaging (>=23.2)", "pip (>=19.1)", "pyproject-hooks (!=1.1)", "pytest (>=6,!=8.1.*)", "pytest-home (>=0.5)", "pytest-perf", "pytest-subprocess", "pytest-timeout", "pytest-xdist (>=3)", "tomli-w (>=1.0.0)", "virtualenv (>=13.0.0)", "wheel (>=0.44.0)"]
type = ["importlib-metadata (>=7.0.2)", "jaraco.develop (>=7.21)", "mypy (==1.11.*)", "pytest-mypy"]

[[package]]
name = "sqlparse"
version = "0.5.1"
description = "A non-validating SQL parser."
optional = false
python-versions = ">=3.8"
files = [
    {file = "sqlparse-0.5.1-py3-none-any.whl", hash = "sha256:773dcbf9a5ab44a090f3441e2180efe2560220203dc2f8c0b0fa141e18b505e4"},
    {file = "sqlparse-0.5.1.tar.gz", hash = "sha256:bb6b4df465655ef332548e24f08e205afc81b9ab86cb1c45657a7ff173a3a00e"},
]

[package.extras]
dev = ["build", "hatch"]
doc = ["sphinx"]

[[package]]
name = "types-pyyaml"
version = "6.0.12.20240917"
description = "Typing stubs for PyYAML"
optional = false
python-versions = ">=3.8"
files = [
    {file = "types-PyYAML-6.0.12.20240917.tar.gz", hash = "sha256:d1405a86f9576682234ef83bcb4e6fff7c9305c8b1fbad5e0bcd4f7dbdc9c587"},
    {file = "types_PyYAML-6.0.12.20240917-py3-none-any.whl", hash = "sha256:392b267f1c0fe6022952462bf5d6523f31e37f6cea49b14cee7ad634b6301570"},
]

[[package]]
name = "typing-extensions"
version = "4.12.2"
description = "Backported and Experimental Type Hints for Python 3.8+"
optional = false
python-versions = ">=3.8"
files = [
    {file = "typing_extensions-4.12.2-py3-none-any.whl", hash = "sha256:04e5ca0351e0f3f85c6853954072df659d0d13fac324d0072316b67d7794700d"},
    {file = "typing_extensions-4.12.2.tar.gz", hash = "sha256:1a7ead55c7e559dd4dee8856e3a88b41225abfe1ce8df57b7c13915fe121ffb8"},
]

[[package]]
name = "tzdata"
version = "2024.1"
description = "Provider of IANA time zone data"
optional = false
python-versions = ">=2"
files = [
    {file = "tzdata-2024.1-py2.py3-none-any.whl", hash = "sha256:9068bc196136463f5245e51efda838afa15aaeca9903f49050dfa2679db4d252"},
    {file = "tzdata-2024.1.tar.gz", hash = "sha256:2674120f8d891909751c38abcdfd386ac0a5a1127954fbc332af6b5ceae07efd"},
]

[[package]]
name = "uritemplate"
version = "4.1.1"
description = "Implementation of RFC 6570 URI Templates"
optional = false
python-versions = ">=3.6"
files = [
    {file = "uritemplate-4.1.1-py2.py3-none-any.whl", hash = "sha256:830c08b8d99bdd312ea4ead05994a38e8936266f84b9a7878232db50b044e02e"},
    {file = "uritemplate-4.1.1.tar.gz", hash = "sha256:4346edfc5c3b79f694bccd6d6099a322bbeb628dbf2cd86eea55a456ce5124f0"},
]

[metadata]
lock-version = "2.0"
python-versions = "^3.12"
content-hash = "d6826bfdcde3f7b1afb7cf36d4803f6a130b14bd774a634fb3311e57178f1f62"
